
Microsoft Visual Studio Solution File, Format Version 12.00
# Visual Studio Version 17
VisualStudioVersion = 17.7.34031.279
MinimumVisualStudioVersion = 10.0.40219.1
Project("{FAE04EC0-301F-11D3-BF4B-00C04F79EFBC}") = "Task.8.6.3", "Task.8.6.3.csproj", "{452FE8FA-A0BC-40BD-B97E-212151A42460}"
EndProject
Global
	GlobalSection(SolutionConfigurationPlatforms) = preSolution
		Debug|Any CPU = Debug|Any CPU
		Release|Any CPU = Release|Any CPU
	EndGlobalSection
	GlobalSection(ProjectConfigurationPlatforms) = postSolution
		{452FE8FA-A0BC-40BD-B97E-212151A42460}.Debug|Any CPU.ActiveCfg = Debug|Any CPU
		{452FE8FA-A0BC-40BD-B97E-212151A42460}.Debug|Any CPU.Build.0 = Debug|Any CPU
		{452FE8FA-A0BC-40BD-B97E-212151A42460}.Release|Any CPU.ActiveCfg = Release|Any CPU
		{452FE8FA-A0BC-40BD-B97E-212151A42460}.Release|Any CPU.Build.0 = Release|Any CPU
	EndGlobalSection
	GlobalSection(SolutionProperties) = preSolution
		HideSolutionNode = FALSE
	EndGlobalSection
	GlobalSection(ExtensibilityGlobals) = postSolution
		SolutionGuid = {50070C42-7E3F-4346-BCCA-3B1A87E132B5}
	EndGlobalSection
EndGlobal
